<?xml version="1.0" encoding="utf-8"?>
<Project ToolsVersion="4.0" xmlns="http://schemas.microsoft.com/developer/msbuild/2003">
  <ItemGroup>
    <ClCompile Include="C:\Documents and Settings\Antoine\Mes documents\fluidXtra\src\fluidsynth-1.1.5\src\fluid_dll.c">
      <Filter>Source Files</Filter>
    </ClCompile>
    <ClCompile Include="C:\Documents and Settings\Antoine\Mes documents\fluidXtra\src\fluidsynth-1.1.5\src\drivers\fluid_dsound.c">
      <Filter>Source Files</Filter>
    </ClCompile>
    <ClCompile Include="C:\Documents and Settings\Antoine\Mes documents\fluidXtra\src\fluidsynth-1.1.5\src\drivers\fluid_winmidi.c">
      <Filter>Source Files</Filter>
    </ClCompile>
    <ClCompile Include="C:\Documents and Settings\Antoine\Mes documents\fluidXtra\src\fluidsynth-1.1.5\src\utils\fluid_conv.c">
      <Filter>Source Files</Filter>
    </ClCompile>
    <ClCompile Include="C:\Documents and Settings\Antoine\Mes documents\fluidXtra\src\fluidsynth-1.1.5\src\utils\fluid_hash.c">
      <Filter>Source Files</Filter>
    </ClCompile>
    <ClCompile Include="C:\Documents and Settings\Antoine\Mes documents\fluidXtra\src\fluidsynth-1.1.5\src\utils\fluid_list.c">
      <Filter>Source Files</Filter>
    </ClCompile>
    <ClCompile Include="C:\Documents and Settings\Antoine\Mes documents\fluidXtra\src\fluidsynth-1.1.5\src\utils\fluid_ringbuffer.c">
      <Filter>Source Files</Filter>
    </ClCompile>
    <ClCompile Include="C:\Documents and Settings\Antoine\Mes documents\fluidXtra\src\fluidsynth-1.1.5\src\utils\fluid_settings.c">
      <Filter>Source Files</Filter>
    </ClCompile>
    <ClCompile Include="C:\Documents and Settings\Antoine\Mes documents\fluidXtra\src\fluidsynth-1.1.5\src\utils\fluid_sys.c">
      <Filter>Source Files</Filter>
    </ClCompile>
    <ClCompile Include="C:\Documents and Settings\Antoine\Mes documents\fluidXtra\src\fluidsynth-1.1.5\src\sfloader\fluid_defsfont.c">
      <Filter>Source Files</Filter>
    </ClCompile>
    <ClCompile Include="C:\Documents and Settings\Antoine\Mes documents\fluidXtra\src\fluidsynth-1.1.5\src\sfloader\fluid_ramsfont.c">
      <Filter>Source Files</Filter>
    </ClCompile>
    <ClCompile Include="C:\Documents and Settings\Antoine\Mes documents\fluidXtra\src\fluidsynth-1.1.5\src\rvoice\fluid_adsr_env.c">
      <Filter>Source Files</Filter>
    </ClCompile>
    <ClCompile Include="C:\Documents and Settings\Antoine\Mes documents\fluidXtra\src\fluidsynth-1.1.5\src\rvoice\fluid_chorus.c">
      <Filter>Source Files</Filter>
    </ClCompile>
    <ClCompile Include="C:\Documents and Settings\Antoine\Mes documents\fluidXtra\src\fluidsynth-1.1.5\src\rvoice\fluid_iir_filter.c">
      <Filter>Source Files</Filter>
    </ClCompile>
    <ClCompile Include="C:\Documents and Settings\Antoine\Mes documents\fluidXtra\src\fluidsynth-1.1.5\src\rvoice\fluid_lfo.c">
      <Filter>Source Files</Filter>
    </ClCompile>
    <ClCompile Include="C:\Documents and Settings\Antoine\Mes documents\fluidXtra\src\fluidsynth-1.1.5\src\rvoice\fluid_rvoice.c">
      <Filter>Source Files</Filter>
    </ClCompile>
    <ClCompile Include="C:\Documents and Settings\Antoine\Mes documents\fluidXtra\src\fluidsynth-1.1.5\src\rvoice\fluid_rvoice_dsp.c">
      <Filter>Source Files</Filter>
    </ClCompile>
    <ClCompile Include="C:\Documents and Settings\Antoine\Mes documents\fluidXtra\src\fluidsynth-1.1.5\src\rvoice\fluid_rvoice_event.c">
      <Filter>Source Files</Filter>
    </ClCompile>
    <ClCompile Include="C:\Documents and Settings\Antoine\Mes documents\fluidXtra\src\fluidsynth-1.1.5\src\rvoice\fluid_rvoice_mixer.c">
      <Filter>Source Files</Filter>
    </ClCompile>
    <ClCompile Include="C:\Documents and Settings\Antoine\Mes documents\fluidXtra\src\fluidsynth-1.1.5\src\rvoice\fluid_rev.c">
      <Filter>Source Files</Filter>
    </ClCompile>
    <ClCompile Include="C:\Documents and Settings\Antoine\Mes documents\fluidXtra\src\fluidsynth-1.1.5\src\synth\fluid_chan.c">
      <Filter>Source Files</Filter>
    </ClCompile>
    <ClCompile Include="C:\Documents and Settings\Antoine\Mes documents\fluidXtra\src\fluidsynth-1.1.5\src\synth\fluid_event.c">
      <Filter>Source Files</Filter>
    </ClCompile>
    <ClCompile Include="C:\Documents and Settings\Antoine\Mes documents\fluidXtra\src\fluidsynth-1.1.5\src\synth\fluid_gen.c">
      <Filter>Source Files</Filter>
    </ClCompile>
    <ClCompile Include="C:\Documents and Settings\Antoine\Mes documents\fluidXtra\src\fluidsynth-1.1.5\src\synth\fluid_mod.c">
      <Filter>Source Files</Filter>
    </ClCompile>
    <ClCompile Include="C:\Documents and Settings\Antoine\Mes documents\fluidXtra\src\fluidsynth-1.1.5\src\synth\fluid_synth.c">
      <Filter>Source Files</Filter>
    </ClCompile>
    <ClCompile Include="C:\Documents and Settings\Antoine\Mes documents\fluidXtra\src\fluidsynth-1.1.5\src\synth\fluid_tuning.c">
      <Filter>Source Files</Filter>
    </ClCompile>
    <ClCompile Include="C:\Documents and Settings\Antoine\Mes documents\fluidXtra\src\fluidsynth-1.1.5\src\synth\fluid_voice.c">
      <Filter>Source Files</Filter>
    </ClCompile>
    <ClCompile Include="C:\Documents and Settings\Antoine\Mes documents\fluidXtra\src\fluidsynth-1.1.5\src\midi\fluid_midi.c">
      <Filter>Source Files</Filter>
    </ClCompile>
    <ClCompile Include="C:\Documents and Settings\Antoine\Mes documents\fluidXtra\src\fluidsynth-1.1.5\src\midi\fluid_midi_router.c">
      <Filter>Source Files</Filter>
    </ClCompile>
    <ClCompile Include="C:\Documents and Settings\Antoine\Mes documents\fluidXtra\src\fluidsynth-1.1.5\src\midi\fluid_seqbind.c">
      <Filter>Source Files</Filter>
    </ClCompile>
    <ClCompile Include="C:\Documents and Settings\Antoine\Mes documents\fluidXtra\src\fluidsynth-1.1.5\src\midi\fluid_seq.c">
      <Filter>Source Files</Filter>
    </ClCompile>
    <ClCompile Include="C:\Documents and Settings\Antoine\Mes documents\fluidXtra\src\fluidsynth-1.1.5\src\drivers\fluid_adriver.c">
      <Filter>Source Files</Filter>
    </ClCompile>
    <ClCompile Include="C:\Documents and Settings\Antoine\Mes documents\fluidXtra\src\fluidsynth-1.1.5\src\drivers\fluid_mdriver.c">
      <Filter>Source Files</Filter>
    </ClCompile>
    <ClCompile Include="C:\Documents and Settings\Antoine\Mes documents\fluidXtra\src\fluidsynth-1.1.5\src\drivers\fluid_aufile.c">
      <Filter>Source Files</Filter>
    </ClCompile>
    <ClCompile Include="C:\Documents and Settings\Antoine\Mes documents\fluidXtra\src\fluidsynth-1.1.5\src\bindings\fluid_cmd.c">
      <Filter>Source Files</Filter>
    </ClCompile>
    <ClCompile Include="C:\Documents and Settings\Antoine\Mes documents\fluidXtra\src\fluidsynth-1.1.5\src\bindings\fluid_filerenderer.c">
      <Filter>Source Files</Filter>
    </ClCompile>
  </ItemGroup>
  <ItemGroup>
    <ClInclude Include="C:\Documents and Settings\Antoine\Mes documents\fluidXtra\src\fluidsynth-1.1.5\build_win\config.h">
      <Filter>Header Files</Filter>
    </ClInclude>
    <ClInclude Include="C:\Documents and Settings\Antoine\Mes documents\fluidXtra\src\fluidsynth-1.1.5\build_win\config_win32.h">
      <Filter>Header Files</Filter>
    </ClInclude>
    <ClInclude Include="C:\Documents and Settings\Antoine\Mes documents\fluidXtra\src\fluidsynth-1.1.5\src\utils\fluid_conv.h">
      <Filter>Header Files</Filter>
    </ClInclude>
    <ClInclude Include="C:\Documents and Settings\Antoine\Mes documents\fluidXtra\src\fluidsynth-1.1.5\src\utils\fluid_hash.h">
      <Filter>Header Files</Filter>
    </ClInclude>
    <ClInclude Include="C:\Documents and Settings\Antoine\Mes documents\fluidXtra\src\fluidsynth-1.1.5\src\utils\fluid_list.h">
      <Filter>Header Files</Filter>
    </ClInclude>
    <ClInclude Include="C:\Documents and Settings\Antoine\Mes documents\fluidXtra\src\fluidsynth-1.1.5\src\utils\fluid_ringbuffer.h">
      <Filter>Header Files</Filter>
    </ClInclude>
    <ClInclude Include="C:\Documents and Settings\Antoine\Mes documents\fluidXtra\src\fluidsynth-1.1.5\src\utils\fluid_settings.h">
      <Filter>Header Files</Filter>
    </ClInclude>
    <ClInclude Include="C:\Documents and Settings\Antoine\Mes documents\fluidXtra\src\fluidsynth-1.1.5\src\utils\fluidsynth_priv.h">
      <Filter>Header Files</Filter>
    </ClInclude>
    <ClInclude Include="C:\Documents and Settings\Antoine\Mes documents\fluidXtra\src\fluidsynth-1.1.5\src\utils\fluid_sys.h">
      <Filter>Header Files</Filter>
    </ClInclude>
    <ClInclude Include="C:\Documents and Settings\Antoine\Mes documents\fluidXtra\src\fluidsynth-1.1.5\src\sfloader\fluid_defsfont.h">
      <Filter>Header Files</Filter>
    </ClInclude>
    <ClInclude Include="C:\Documents and Settings\Antoine\Mes documents\fluidXtra\src\fluidsynth-1.1.5\src\sfloader\fluid_ramsfont.h">
      <Filter>Header Files</Filter>
    </ClInclude>
    <ClInclude Include="C:\Documents and Settings\Antoine\Mes documents\fluidXtra\src\fluidsynth-1.1.5\src\sfloader\fluid_sfont.h">
      <Filter>Header Files</Filter>
    </ClInclude>
    <ClInclude Include="C:\Documents and Settings\Antoine\Mes documents\fluidXtra\src\fluidsynth-1.1.5\src\rvoice\fluid_adsr_env.h">
      <Filter>Header Files</Filter>
    </ClInclude>
    <ClInclude Include="C:\Documents and Settings\Antoine\Mes documents\fluidXtra\src\fluidsynth-1.1.5\src\rvoice\fluid_chorus.h">
      <Filter>Header Files</Filter>
    </ClInclude>
    <ClInclude Include="C:\Documents and Settings\Antoine\Mes documents\fluidXtra\src\fluidsynth-1.1.5\src\rvoice\fluid_iir_filter.h">
      <Filter>Header Files</Filter>
    </ClInclude>
    <ClInclude Include="C:\Documents and Settings\Antoine\Mes documents\fluidXtra\src\fluidsynth-1.1.5\src\rvoice\fluid_lfo.h">
      <Filter>Header Files</Filter>
    </ClInclude>
    <ClInclude Include="C:\Documents and Settings\Antoine\Mes documents\fluidXtra\src\fluidsynth-1.1.5\src\rvoice\fluid_rvoice.h">
      <Filter>Header Files</Filter>
    </ClInclude>
    <ClInclude Include="C:\Documents and Settings\Antoine\Mes documents\fluidXtra\src\fluidsynth-1.1.5\src\rvoice\fluid_rvoice_event.h">
      <Filter>Header Files</Filter>
    </ClInclude>
    <ClInclude Include="C:\Documents and Settings\Antoine\Mes documents\fluidXtra\src\fluidsynth-1.1.5\src\rvoice\fluid_rvoice_mixer.h">
      <Filter>Header Files</Filter>
    </ClInclude>
    <ClInclude Include="C:\Documents and Settings\Antoine\Mes documents\fluidXtra\src\fluidsynth-1.1.5\src\rvoice\fluid_phase.h">
      <Filter>Header Files</Filter>
    </ClInclude>
    <ClInclude Include="C:\Documents and Settings\Antoine\Mes documents\fluidXtra\src\fluidsynth-1.1.5\src\rvoice\fluid_rev.h">
      <Filter>Header Files</Filter>
    </ClInclude>
    <ClInclude Include="C:\Documents and Settings\Antoine\Mes documents\fluidXtra\src\fluidsynth-1.1.5\src\synth\fluid_chan.h">
      <Filter>Header Files</Filter>
    </ClInclude>
    <ClInclude Include="C:\Documents and Settings\Antoine\Mes documents\fluidXtra\src\fluidsynth-1.1.5\src\synth\fluid_event_priv.h">
      <Filter>Header Files</Filter>
    </ClInclude>
    <ClInclude Include="C:\Documents and Settings\Antoine\Mes documents\fluidXtra\src\fluidsynth-1.1.5\src\synth\fluid_event_queue.h">
      <Filter>Header Files</Filter>
    </ClInclude>
    <ClInclude Include="C:\Documents and Settings\Antoine\Mes documents\fluidXtra\src\fluidsynth-1.1.5\src\synth\fluid_gen.h">
      <Filter>Header Files</Filter>
    </ClInclude>
    <ClInclude Include="C:\Documents and Settings\Antoine\Mes documents\fluidXtra\src\fluidsynth-1.1.5\src\synth\fluid_mod.h">
      <Filter>Header Files</Filter>
    </ClInclude>
    <ClInclude Include="C:\Documents and Settings\Antoine\Mes documents\fluidXtra\src\fluidsynth-1.1.5\src\synth\fluid_synth.h">
      <Filter>Header Files</Filter>
    </ClInclude>
    <ClInclude Include="C:\Documents and Settings\Antoine\Mes documents\fluidXtra\src\fluidsynth-1.1.5\src\synth\fluid_tuning.h">
      <Filter>Header Files</Filter>
    </ClInclude>
    <ClInclude Include="C:\Documents and Settings\Antoine\Mes documents\fluidXtra\src\fluidsynth-1.1.5\src\synth\fluid_voice.h">
      <Filter>Header Files</Filter>
    </ClInclude>
    <ClInclude Include="C:\Documents and Settings\Antoine\Mes documents\fluidXtra\src\fluidsynth-1.1.5\src\midi\fluid_midi.h">
      <Filter>Header Files</Filter>
    </ClInclude>
    <ClInclude Include="C:\Documents and Settings\Antoine\Mes documents\fluidXtra\src\fluidsynth-1.1.5\src\midi\fluid_midi_router.h">
      <Filter>Header Files</Filter>
    </ClInclude>
    <ClInclude Include="C:\Documents and Settings\Antoine\Mes documents\fluidXtra\src\fluidsynth-1.1.5\src\drivers\fluid_adriver.h">
      <Filter>Header Files</Filter>
    </ClInclude>
    <ClInclude Include="C:\Documents and Settings\Antoine\Mes documents\fluidXtra\src\fluidsynth-1.1.5\src\drivers\fluid_mdriver.h">
      <Filter>Header Files</Filter>
    </ClInclude>
    <ClInclude Include="C:\Documents and Settings\Antoine\Mes documents\fluidXtra\src\fluidsynth-1.1.5\src\bindings\fluid_cmd.h">
      <Filter>Header Files</Filter>
    </ClInclude>
    <ClInclude Include="C:\Documents and Settings\Antoine\Mes documents\fluidXtra\src\fluidsynth-1.1.5\include\fluidsynth\audio.h">
      <Filter>Header Files</Filter>
    </ClInclude>
    <ClInclude Include="C:\Documents and Settings\Antoine\Mes documents\fluidXtra\src\fluidsynth-1.1.5\include\fluidsynth\event.h">
      <Filter>Header Files</Filter>
    </ClInclude>
    <ClInclude Include="C:\Documents and Settings\Antoine\Mes documents\fluidXtra\src\fluidsynth-1.1.5\include\fluidsynth\gen.h">
      <Filter>Header Files</Filter>
    </ClInclude>
    <ClInclude Include="C:\Documents and Settings\Antoine\Mes documents\fluidXtra\src\fluidsynth-1.1.5\include\fluidsynth\log.h">
      <Filter>Header Files</Filter>
    </ClInclude>
    <ClInclude Include="C:\Documents and Settings\Antoine\Mes documents\fluidXtra\src\fluidsynth-1.1.5\include\fluidsynth\midi.h">
      <Filter>Header Files</Filter>
    </ClInclude>
    <ClInclude Include="C:\Documents and Settings\Antoine\Mes documents\fluidXtra\src\fluidsynth-1.1.5\include\fluidsynth\misc.h">
      <Filter>Header Files</Filter>
    </ClInclude>
    <ClInclude Include="C:\Documents and Settings\Antoine\Mes documents\fluidXtra\src\fluidsynth-1.1.5\include\fluidsynth\mod.h">
      <Filter>Header Files</Filter>
    </ClInclude>
    <ClInclude Include="C:\Documents and Settings\Antoine\Mes documents\fluidXtra\src\fluidsynth-1.1.5\include\fluidsynth\ramsfont.h">
      <Filter>Header Files</Filter>
    </ClInclude>
    <ClInclude Include="C:\Documents and Settings\Antoine\Mes documents\fluidXtra\src\fluidsynth-1.1.5\include\fluidsynth\seq.h">
      <Filter>Header Files</Filter>
    </ClInclude>
    <ClInclude Include="C:\Documents and Settings\Antoine\Mes documents\fluidXtra\src\fluidsynth-1.1.5\include\fluidsynth\seqbind.h">
      <Filter>Header Files</Filter>
    </ClInclude>
    <ClInclude Include="C:\Documents and Settings\Antoine\Mes documents\fluidXtra\src\fluidsynth-1.1.5\include\fluidsynth\settings.h">
      <Filter>Header Files</Filter>
    </ClInclude>
    <ClInclude Include="C:\Documents and Settings\Antoine\Mes documents\fluidXtra\src\fluidsynth-1.1.5\include\fluidsynth\sfont.h">
      <Filter>Header Files</Filter>
    </ClInclude>
    <ClInclude Include="C:\Documents and Settings\Antoine\Mes documents\fluidXtra\src\fluidsynth-1.1.5\include\fluidsynth\shell.h">
      <Filter>Header Files</Filter>
    </ClInclude>
    <ClInclude Include="C:\Documents and Settings\Antoine\Mes documents\fluidXtra\src\fluidsynth-1.1.5\include\fluidsynth\synth.h">
      <Filter>Header Files</Filter>
    </ClInclude>
    <ClInclude Include="C:\Documents and Settings\Antoine\Mes documents\fluidXtra\src\fluidsynth-1.1.5\include\fluidsynth\types.h">
      <Filter>Header Files</Filter>
    </ClInclude>
    <ClInclude Include="C:\Documents and Settings\Antoine\Mes documents\fluidXtra\src\fluidsynth-1.1.5\include\fluidsynth\voice.h">
      <Filter>Header Files</Filter>
    </ClInclude>
    <ClInclude Include="C:\Documents and Settings\Antoine\Mes documents\fluidXtra\src\fluidsynth-1.1.5\build_win\include\fluidsynth\version.h">
      <Filter>Header Files</Filter>
    </ClInclude>
    <ClInclude Include="C:\Documents and Settings\Antoine\Mes documents\fluidXtra\src\fluidsynth-1.1.5\include\fluidsynth.h">
      <Filter>Header Files</Filter>
    </ClInclude>
  </ItemGroup>
  <ItemGroup>
  </ItemGroup>
  <ItemGroup>
  </ItemGroup>
  <ItemGroup>
    <CustomBuild Include="..\..\src\CMakeLists.txt" />
  </ItemGroup>
  <ItemGroup>
    <Filter Include="Source Files">
      <UniqueIdentifier>{5EAA845C-2B18-479F-90A4-5B1FE128A375}</UniqueIdentifier>
    </Filter>
    <Filter Include="Header Files">
      <UniqueIdentifier>{A0ACB192-1816-4E7E-B8D5-653205E9CB79}</UniqueIdentifier>
    </Filter>
  </ItemGroup>
  <ItemGroup>
  </ItemGroup>
</Project>
