Microsoft Visual Studio Solution File, Format Version 11.00
# Visual Studio 2010
Project("{8BC9CEB8-8B4A-11D0-8D11-00A0C91BC942}") = "ALL_BUILD", "ALL_BUILD.vcxproj", "{798D7462-A4FA-4B88-8C71-92561F023AB1}"
	ProjectSection(ProjectDependencies) = postProject
		{DAE02701-96DA-4AF2-BC5F-739E08D412AD} = {DAE02701-96DA-4AF2-BC5F-739E08D412AD}
		{E5638C5A-0F28-4297-91BE-9EA9D5BEE625} = {E5638C5A-0F28-4297-91BE-9EA9D5BEE625}
		{63FB4B6B-FF02-4BFC-8CE5-257965112095} = {63FB4B6B-FF02-4BFC-8CE5-257965112095}
	EndProjectSection
EndProject
Project("{8BC9CEB8-8B4A-11D0-8D11-00A0C91BC942}") = "INSTALL", "INSTALL.vcxproj", "{7260C57F-B70C-49F9-81CC-90CF12013B5B}"
	ProjectSection(ProjectDependencies) = postProject
		{798D7462-A4FA-4B88-8C71-92561F023AB1} = {798D7462-A4FA-4B88-8C71-92561F023AB1}
	EndProjectSection
EndProject
Project("{8BC9CEB8-8B4A-11D0-8D11-00A0C91BC942}") = "PACKAGE", "PACKAGE.vcxproj", "{857CA3DF-9C79-4C6F-B94C-B0A8AD11C8CE}"
	ProjectSection(ProjectDependencies) = postProject
		{798D7462-A4FA-4B88-8C71-92561F023AB1} = {798D7462-A4FA-4B88-8C71-92561F023AB1}
	EndProjectSection
EndProject
Project("{8BC9CEB8-8B4A-11D0-8D11-00A0C91BC942}") = "ZERO_CHECK", "ZERO_CHECK.vcxproj", "{DAE02701-96DA-4AF2-BC5F-739E08D412AD}"
	ProjectSection(ProjectDependencies) = postProject
	EndProjectSection
EndProject
Project("{8BC9CEB8-8B4A-11D0-8D11-00A0C91BC942}") = "fluidsynth", "src\fluidsynth.vcxproj", "{E5638C5A-0F28-4297-91BE-9EA9D5BEE625}"
	ProjectSection(ProjectDependencies) = postProject
		{DAE02701-96DA-4AF2-BC5F-739E08D412AD} = {DAE02701-96DA-4AF2-BC5F-739E08D412AD}
		{63FB4B6B-FF02-4BFC-8CE5-257965112095} = {63FB4B6B-FF02-4BFC-8CE5-257965112095}
	EndProjectSection
EndProject
Project("{8BC9CEB8-8B4A-11D0-8D11-00A0C91BC942}") = "libfluidsynth", "src\libfluidsynth.vcxproj", "{63FB4B6B-FF02-4BFC-8CE5-257965112095}"
	ProjectSection(ProjectDependencies) = postProject
		{DAE02701-96DA-4AF2-BC5F-739E08D412AD} = {DAE02701-96DA-4AF2-BC5F-739E08D412AD}
	EndProjectSection
EndProject
Global
	GlobalSection(SolutionConfigurationPlatforms) = preSolution
		Debug|Win32 = Debug|Win32
		Release|Win32 = Release|Win32
		MinSizeRel|Win32 = MinSizeRel|Win32
		RelWithDebInfo|Win32 = RelWithDebInfo|Win32
	EndGlobalSection
	GlobalSection(ProjectConfigurationPlatforms) = postSolution
		{798D7462-A4FA-4B88-8C71-92561F023AB1}.Debug|Win32.ActiveCfg = Debug|Win32
		{798D7462-A4FA-4B88-8C71-92561F023AB1}.Debug|Win32.Build.0 = Debug|Win32
		{798D7462-A4FA-4B88-8C71-92561F023AB1}.Release|Win32.ActiveCfg = Release|Win32
		{798D7462-A4FA-4B88-8C71-92561F023AB1}.Release|Win32.Build.0 = Release|Win32
		{798D7462-A4FA-4B88-8C71-92561F023AB1}.MinSizeRel|Win32.ActiveCfg = MinSizeRel|Win32
		{798D7462-A4FA-4B88-8C71-92561F023AB1}.MinSizeRel|Win32.Build.0 = MinSizeRel|Win32
		{798D7462-A4FA-4B88-8C71-92561F023AB1}.RelWithDebInfo|Win32.ActiveCfg = RelWithDebInfo|Win32
		{798D7462-A4FA-4B88-8C71-92561F023AB1}.RelWithDebInfo|Win32.Build.0 = RelWithDebInfo|Win32
		{7260C57F-B70C-49F9-81CC-90CF12013B5B}.Debug|Win32.ActiveCfg = Debug|Win32
		{7260C57F-B70C-49F9-81CC-90CF12013B5B}.Release|Win32.ActiveCfg = Release|Win32
		{7260C57F-B70C-49F9-81CC-90CF12013B5B}.MinSizeRel|Win32.ActiveCfg = MinSizeRel|Win32
		{7260C57F-B70C-49F9-81CC-90CF12013B5B}.RelWithDebInfo|Win32.ActiveCfg = RelWithDebInfo|Win32
		{857CA3DF-9C79-4C6F-B94C-B0A8AD11C8CE}.Debug|Win32.ActiveCfg = Debug|Win32
		{857CA3DF-9C79-4C6F-B94C-B0A8AD11C8CE}.Release|Win32.ActiveCfg = Release|Win32
		{857CA3DF-9C79-4C6F-B94C-B0A8AD11C8CE}.MinSizeRel|Win32.ActiveCfg = MinSizeRel|Win32
		{857CA3DF-9C79-4C6F-B94C-B0A8AD11C8CE}.RelWithDebInfo|Win32.ActiveCfg = RelWithDebInfo|Win32
		{DAE02701-96DA-4AF2-BC5F-739E08D412AD}.Debug|Win32.ActiveCfg = Debug|Win32
		{DAE02701-96DA-4AF2-BC5F-739E08D412AD}.Debug|Win32.Build.0 = Debug|Win32
		{DAE02701-96DA-4AF2-BC5F-739E08D412AD}.Release|Win32.ActiveCfg = Release|Win32
		{DAE02701-96DA-4AF2-BC5F-739E08D412AD}.Release|Win32.Build.0 = Release|Win32
		{DAE02701-96DA-4AF2-BC5F-739E08D412AD}.MinSizeRel|Win32.ActiveCfg = MinSizeRel|Win32
		{DAE02701-96DA-4AF2-BC5F-739E08D412AD}.MinSizeRel|Win32.Build.0 = MinSizeRel|Win32
		{DAE02701-96DA-4AF2-BC5F-739E08D412AD}.RelWithDebInfo|Win32.ActiveCfg = RelWithDebInfo|Win32
		{DAE02701-96DA-4AF2-BC5F-739E08D412AD}.RelWithDebInfo|Win32.Build.0 = RelWithDebInfo|Win32
		{E5638C5A-0F28-4297-91BE-9EA9D5BEE625}.Debug|Win32.ActiveCfg = Debug|Win32
		{E5638C5A-0F28-4297-91BE-9EA9D5BEE625}.Debug|Win32.Build.0 = Debug|Win32
		{E5638C5A-0F28-4297-91BE-9EA9D5BEE625}.Release|Win32.ActiveCfg = Release|Win32
		{E5638C5A-0F28-4297-91BE-9EA9D5BEE625}.Release|Win32.Build.0 = Release|Win32
		{E5638C5A-0F28-4297-91BE-9EA9D5BEE625}.MinSizeRel|Win32.ActiveCfg = MinSizeRel|Win32
		{E5638C5A-0F28-4297-91BE-9EA9D5BEE625}.MinSizeRel|Win32.Build.0 = MinSizeRel|Win32
		{E5638C5A-0F28-4297-91BE-9EA9D5BEE625}.RelWithDebInfo|Win32.ActiveCfg = RelWithDebInfo|Win32
		{E5638C5A-0F28-4297-91BE-9EA9D5BEE625}.RelWithDebInfo|Win32.Build.0 = RelWithDebInfo|Win32
		{63FB4B6B-FF02-4BFC-8CE5-257965112095}.Debug|Win32.ActiveCfg = Debug|Win32
		{63FB4B6B-FF02-4BFC-8CE5-257965112095}.Debug|Win32.Build.0 = Debug|Win32
		{63FB4B6B-FF02-4BFC-8CE5-257965112095}.Release|Win32.ActiveCfg = Release|Win32
		{63FB4B6B-FF02-4BFC-8CE5-257965112095}.Release|Win32.Build.0 = Release|Win32
		{63FB4B6B-FF02-4BFC-8CE5-257965112095}.MinSizeRel|Win32.ActiveCfg = MinSizeRel|Win32
		{63FB4B6B-FF02-4BFC-8CE5-257965112095}.MinSizeRel|Win32.Build.0 = MinSizeRel|Win32
		{63FB4B6B-FF02-4BFC-8CE5-257965112095}.RelWithDebInfo|Win32.ActiveCfg = RelWithDebInfo|Win32
		{63FB4B6B-FF02-4BFC-8CE5-257965112095}.RelWithDebInfo|Win32.Build.0 = RelWithDebInfo|Win32
	EndGlobalSection
	GlobalSection(ExtensibilityGlobals) = postSolution
	EndGlobalSection
	GlobalSection(ExtensibilityAddIns) = postSolution
	EndGlobalSection
EndGlobal
